
Microsoft Visual Studio Solution File, Format Version 12.00
# Visual Studio Version 16
VisualStudioVersion = 16.0.29418.71
MinimumVisualStudioVersion = 10.0.40219.1
Project("{9A19103F-16F7-4668-BE54-9A1E7A4F7556}") = "FinanceApi", "FinanceApi.csproj", "{71BB2EED-A0D9-4B0C-BEA4-239CC0CF730B}"
EndProject
Project("{9A19103F-16F7-4668-BE54-9A1E7A4F7556}") = "FinanceApi.Tests", "..\FinanceApi.Tests\FinanceApi.Tests.csproj", "{842206A6-0229-4F52-8674-6C2E07A1CB55}"
EndProject
Project("{9A19103F-16F7-4668-BE54-9A1E7A4F7556}") = "PropertyRentalManagement", "..\PropertyRentalManagement\PropertyRentalManagement.csproj", "{8FB457CA-C9AD-4C8A-82AC-02D6623E32E9}"
EndProject
Project("{9A19103F-16F7-4668-BE54-9A1E7A4F7556}") = "Accounting", "..\Accounting\Accounting.csproj", "{235DEFAB-DA01-4772-8305-151DCDB59E53}"
EndProject
Project("{9A19103F-16F7-4668-BE54-9A1E7A4F7556}") = "PrivateAccounting", "..\..\private-accounting\PrivateAccounting\PrivateAccounting.csproj", "{4810DC95-C8FA-47DF-8F0A-0901A714599F}"
EndProject
Project("{9A19103F-16F7-4668-BE54-9A1E7A4F7556}") = "PropertyRentalManagement.CreateWeeklyInvoices", "..\PropertyRentalManagement.CreateWeeklyInvoices\PropertyRentalManagement.CreateWeeklyInvoices.csproj", "{8099943B-FE15-4CB5-A796-25C761435598}"
EndProject
Project("{9A19103F-16F7-4668-BE54-9A1E7A4F7556}") = "AwsDataAccess", "..\AwsDataAccess\AwsDataAccess.csproj", "{71F05528-3A2A-4DF9-BEDA-0A9E1271281E}"
EndProject
Project("{9A19103F-16F7-4668-BE54-9A1E7A4F7556}") = "PropertyRentalManagement.CreateMonthlyInvoices", "..\PropertyRentalManagement.CreateMonthlyInvoices\PropertyRentalManagement.CreateMonthlyInvoices.csproj", "{450D340B-CFBC-417C-A08F-8C87B37D1C33}"
EndProject
Project("{9A19103F-16F7-4668-BE54-9A1E7A4F7556}") = "SendRestaurantSalesToAccounting", "..\SendRestaurantSalesToAccounting\SendRestaurantSalesToAccounting.csproj", "{AE3C2B08-D964-456B-A751-A59A7E7D6394}"
EndProject
Project("{2150E333-8FDC-42A3-9474-1A3956D46DE8}") = "ScheduledTasks", "ScheduledTasks", "{FA21AE27-CAB3-4CEE-8DB1-BB41CB0DBB03}"
EndProject
Project("{FAE04EC0-301F-11D3-BF4B-00C04F79EFBC}") = "Deployer", "..\Deployer\Deployer.csproj", "{AE1F6A6D-2B4C-45FA-A840-E4EFE650F3A7}"
EndProject
Global
	GlobalSection(SolutionConfigurationPlatforms) = preSolution
		Debug|Any CPU = Debug|Any CPU
		Release|Any CPU = Release|Any CPU
	EndGlobalSection
	GlobalSection(ProjectConfigurationPlatforms) = postSolution
		{71BB2EED-A0D9-4B0C-BEA4-239CC0CF730B}.Debug|Any CPU.ActiveCfg = Debug|Any CPU
		{71BB2EED-A0D9-4B0C-BEA4-239CC0CF730B}.Debug|Any CPU.Build.0 = Debug|Any CPU
		{71BB2EED-A0D9-4B0C-BEA4-239CC0CF730B}.Release|Any CPU.ActiveCfg = Release|Any CPU
		{71BB2EED-A0D9-4B0C-BEA4-239CC0CF730B}.Release|Any CPU.Build.0 = Release|Any CPU
		{842206A6-0229-4F52-8674-6C2E07A1CB55}.Debug|Any CPU.ActiveCfg = Debug|Any CPU
		{842206A6-0229-4F52-8674-6C2E07A1CB55}.Debug|Any CPU.Build.0 = Debug|Any CPU
		{842206A6-0229-4F52-8674-6C2E07A1CB55}.Release|Any CPU.ActiveCfg = Release|Any CPU
		{842206A6-0229-4F52-8674-6C2E07A1CB55}.Release|Any CPU.Build.0 = Release|Any CPU
		{8FB457CA-C9AD-4C8A-82AC-02D6623E32E9}.Debug|Any CPU.ActiveCfg = Debug|Any CPU
		{8FB457CA-C9AD-4C8A-82AC-02D6623E32E9}.Debug|Any CPU.Build.0 = Debug|Any CPU
		{8FB457CA-C9AD-4C8A-82AC-02D6623E32E9}.Release|Any CPU.ActiveCfg = Release|Any CPU
		{8FB457CA-C9AD-4C8A-82AC-02D6623E32E9}.Release|Any CPU.Build.0 = Release|Any CPU
		{235DEFAB-DA01-4772-8305-151DCDB59E53}.Debug|Any CPU.ActiveCfg = Debug|Any CPU
		{235DEFAB-DA01-4772-8305-151DCDB59E53}.Debug|Any CPU.Build.0 = Debug|Any CPU
		{235DEFAB-DA01-4772-8305-151DCDB59E53}.Release|Any CPU.ActiveCfg = Release|Any CPU
		{235DEFAB-DA01-4772-8305-151DCDB59E53}.Release|Any CPU.Build.0 = Release|Any CPU
		{4810DC95-C8FA-47DF-8F0A-0901A714599F}.Debug|Any CPU.ActiveCfg = Debug|Any CPU
		{4810DC95-C8FA-47DF-8F0A-0901A714599F}.Debug|Any CPU.Build.0 = Debug|Any CPU
		{4810DC95-C8FA-47DF-8F0A-0901A714599F}.Release|Any CPU.ActiveCfg = Release|Any CPU
		{4810DC95-C8FA-47DF-8F0A-0901A714599F}.Release|Any CPU.Build.0 = Release|Any CPU
		{8099943B-FE15-4CB5-A796-25C761435598}.Debug|Any CPU.ActiveCfg = Debug|Any CPU
		{8099943B-FE15-4CB5-A796-25C761435598}.Debug|Any CPU.Build.0 = Debug|Any CPU
		{8099943B-FE15-4CB5-A796-25C761435598}.Release|Any CPU.ActiveCfg = Release|Any CPU
		{8099943B-FE15-4CB5-A796-25C761435598}.Release|Any CPU.Build.0 = Release|Any CPU
		{71F05528-3A2A-4DF9-BEDA-0A9E1271281E}.Debug|Any CPU.ActiveCfg = Debug|Any CPU
		{71F05528-3A2A-4DF9-BEDA-0A9E1271281E}.Debug|Any CPU.Build.0 = Debug|Any CPU
		{71F05528-3A2A-4DF9-BEDA-0A9E1271281E}.Release|Any CPU.ActiveCfg = Release|Any CPU
		{71F05528-3A2A-4DF9-BEDA-0A9E1271281E}.Release|Any CPU.Build.0 = Release|Any CPU
		{450D340B-CFBC-417C-A08F-8C87B37D1C33}.Debug|Any CPU.ActiveCfg = Debug|Any CPU
		{450D340B-CFBC-417C-A08F-8C87B37D1C33}.Debug|Any CPU.Build.0 = Debug|Any CPU
		{450D340B-CFBC-417C-A08F-8C87B37D1C33}.Release|Any CPU.ActiveCfg = Release|Any CPU
		{450D340B-CFBC-417C-A08F-8C87B37D1C33}.Release|Any CPU.Build.0 = Release|Any CPU
		{AE3C2B08-D964-456B-A751-A59A7E7D6394}.Debug|Any CPU.ActiveCfg = Debug|Any CPU
		{AE3C2B08-D964-456B-A751-A59A7E7D6394}.Debug|Any CPU.Build.0 = Debug|Any CPU
		{AE3C2B08-D964-456B-A751-A59A7E7D6394}.Release|Any CPU.ActiveCfg = Release|Any CPU
		{AE3C2B08-D964-456B-A751-A59A7E7D6394}.Release|Any CPU.Build.0 = Release|Any CPU
		{AE1F6A6D-2B4C-45FA-A840-E4EFE650F3A7}.Debug|Any CPU.ActiveCfg = Debug|Any CPU
		{AE1F6A6D-2B4C-45FA-A840-E4EFE650F3A7}.Debug|Any CPU.Build.0 = Debug|Any CPU
		{AE1F6A6D-2B4C-45FA-A840-E4EFE650F3A7}.Release|Any CPU.ActiveCfg = Release|Any CPU
		{AE1F6A6D-2B4C-45FA-A840-E4EFE650F3A7}.Release|Any CPU.Build.0 = Release|Any CPU
	EndGlobalSection
	GlobalSection(SolutionProperties) = preSolution
		HideSolutionNode = FALSE
	EndGlobalSection
	GlobalSection(NestedProjects) = preSolution
		{8099943B-FE15-4CB5-A796-25C761435598} = {FA21AE27-CAB3-4CEE-8DB1-BB41CB0DBB03}
		{450D340B-CFBC-417C-A08F-8C87B37D1C33} = {FA21AE27-CAB3-4CEE-8DB1-BB41CB0DBB03}
		{AE3C2B08-D964-456B-A751-A59A7E7D6394} = {FA21AE27-CAB3-4CEE-8DB1-BB41CB0DBB03}
		{AE1F6A6D-2B4C-45FA-A840-E4EFE650F3A7} = {FA21AE27-CAB3-4CEE-8DB1-BB41CB0DBB03}
	EndGlobalSection
	GlobalSection(ExtensibilityGlobals) = postSolution
		SolutionGuid = {3FFD6536-89BD-479C-9C0C-8D8B3AE92508}
	EndGlobalSection
EndGlobal
