
Microsoft Visual Studio Solution File, Format Version 12.00
# Visual Studio Version 16
VisualStudioVersion = 16.0.29418.71
MinimumVisualStudioVersion = 10.0.40219.1
Project("{9A19103F-16F7-4668-BE54-9A1E7A4F7556}") = "FinanceApi", "FinanceApi.csproj", "{71BB2EED-A0D9-4B0C-BEA4-239CC0CF730B}"
EndProject
Project("{9A19103F-16F7-4668-BE54-9A1E7A4F7556}") = "FinanceApi.Tests", "..\FinanceApi.Tests\FinanceApi.Tests.csproj", "{842206A6-0229-4F52-8674-6C2E07A1CB55}"
EndProject
Project("{9A19103F-16F7-4668-BE54-9A1E7A4F7556}") = "PropertyRentalManagement", "..\PropertyRentalManagement\PropertyRentalManagement.csproj", "{8FB457CA-C9AD-4C8A-82AC-02D6623E32E9}"
EndProject
Project("{9A19103F-16F7-4668-BE54-9A1E7A4F7556}") = "Accounting", "..\Accounting\Accounting.csproj", "{235DEFAB-DA01-4772-8305-151DCDB59E53}"
EndProject
Project("{FAE04EC0-301F-11D3-BF4B-00C04F79EFBC}") = "PrivateAccounting", "..\..\private-accounting\PrivateAccounting\PrivateAccounting.csproj", "{4810DC95-C8FA-47DF-8F0A-0901A714599F}"
EndProject
Global
	GlobalSection(SolutionConfigurationPlatforms) = preSolution
		Debug|Any CPU = Debug|Any CPU
		Release|Any CPU = Release|Any CPU
	EndGlobalSection
	GlobalSection(ProjectConfigurationPlatforms) = postSolution
		{71BB2EED-A0D9-4B0C-BEA4-239CC0CF730B}.Debug|Any CPU.ActiveCfg = Debug|Any CPU
		{71BB2EED-A0D9-4B0C-BEA4-239CC0CF730B}.Debug|Any CPU.Build.0 = Debug|Any CPU
		{71BB2EED-A0D9-4B0C-BEA4-239CC0CF730B}.Release|Any CPU.ActiveCfg = Release|Any CPU
		{71BB2EED-A0D9-4B0C-BEA4-239CC0CF730B}.Release|Any CPU.Build.0 = Release|Any CPU
		{842206A6-0229-4F52-8674-6C2E07A1CB55}.Debug|Any CPU.ActiveCfg = Debug|Any CPU
		{842206A6-0229-4F52-8674-6C2E07A1CB55}.Debug|Any CPU.Build.0 = Debug|Any CPU
		{842206A6-0229-4F52-8674-6C2E07A1CB55}.Release|Any CPU.ActiveCfg = Release|Any CPU
		{842206A6-0229-4F52-8674-6C2E07A1CB55}.Release|Any CPU.Build.0 = Release|Any CPU
		{8FB457CA-C9AD-4C8A-82AC-02D6623E32E9}.Debug|Any CPU.ActiveCfg = Debug|Any CPU
		{8FB457CA-C9AD-4C8A-82AC-02D6623E32E9}.Debug|Any CPU.Build.0 = Debug|Any CPU
		{8FB457CA-C9AD-4C8A-82AC-02D6623E32E9}.Release|Any CPU.ActiveCfg = Release|Any CPU
		{8FB457CA-C9AD-4C8A-82AC-02D6623E32E9}.Release|Any CPU.Build.0 = Release|Any CPU
		{235DEFAB-DA01-4772-8305-151DCDB59E53}.Debug|Any CPU.ActiveCfg = Debug|Any CPU
		{235DEFAB-DA01-4772-8305-151DCDB59E53}.Debug|Any CPU.Build.0 = Debug|Any CPU
		{235DEFAB-DA01-4772-8305-151DCDB59E53}.Release|Any CPU.ActiveCfg = Release|Any CPU
		{235DEFAB-DA01-4772-8305-151DCDB59E53}.Release|Any CPU.Build.0 = Release|Any CPU
		{4810DC95-C8FA-47DF-8F0A-0901A714599F}.Debug|Any CPU.ActiveCfg = Debug|Any CPU
		{4810DC95-C8FA-47DF-8F0A-0901A714599F}.Debug|Any CPU.Build.0 = Debug|Any CPU
		{4810DC95-C8FA-47DF-8F0A-0901A714599F}.Release|Any CPU.ActiveCfg = Release|Any CPU
		{4810DC95-C8FA-47DF-8F0A-0901A714599F}.Release|Any CPU.Build.0 = Release|Any CPU
	EndGlobalSection
	GlobalSection(SolutionProperties) = preSolution
		HideSolutionNode = FALSE
	EndGlobalSection
	GlobalSection(ExtensibilityGlobals) = postSolution
		SolutionGuid = {3FFD6536-89BD-479C-9C0C-8D8B3AE92508}
	EndGlobalSection
EndGlobal
