
Microsoft Visual Studio Solution File, Format Version 12.00
# Visual Studio Version 16
VisualStudioVersion = 16.0.29418.71
MinimumVisualStudioVersion = 10.0.40219.1
Project("{9A19103F-16F7-4668-BE54-9A1E7A4F7556}") = "BankDataAccess", "BankDataAccess.csproj", "{71BB2EED-A0D9-4B0C-BEA4-239CC0CF730B}"
EndProject
Project("{9A19103F-16F7-4668-BE54-9A1E7A4F7556}") = "BankDataAccess.Tests", "..\BankDataAccess.Tests\BankDataAccess.Tests.csproj", "{842206A6-0229-4F52-8674-6C2E07A1CB55}"
EndProject
Global
	GlobalSection(SolutionConfigurationPlatforms) = preSolution
		Debug|Any CPU = Debug|Any CPU
		Release|Any CPU = Release|Any CPU
	EndGlobalSection
	GlobalSection(ProjectConfigurationPlatforms) = postSolution
		{71BB2EED-A0D9-4B0C-BEA4-239CC0CF730B}.Debug|Any CPU.ActiveCfg = Debug|Any CPU
		{71BB2EED-A0D9-4B0C-BEA4-239CC0CF730B}.Debug|Any CPU.Build.0 = Debug|Any CPU
		{71BB2EED-A0D9-4B0C-BEA4-239CC0CF730B}.Release|Any CPU.ActiveCfg = Release|Any CPU
		{71BB2EED-A0D9-4B0C-BEA4-239CC0CF730B}.Release|Any CPU.Build.0 = Release|Any CPU
		{842206A6-0229-4F52-8674-6C2E07A1CB55}.Debug|Any CPU.ActiveCfg = Debug|Any CPU
		{842206A6-0229-4F52-8674-6C2E07A1CB55}.Debug|Any CPU.Build.0 = Debug|Any CPU
		{842206A6-0229-4F52-8674-6C2E07A1CB55}.Release|Any CPU.ActiveCfg = Release|Any CPU
		{842206A6-0229-4F52-8674-6C2E07A1CB55}.Release|Any CPU.Build.0 = Release|Any CPU
	EndGlobalSection
	GlobalSection(SolutionProperties) = preSolution
		HideSolutionNode = FALSE
	EndGlobalSection
	GlobalSection(ExtensibilityGlobals) = postSolution
		SolutionGuid = {3FFD6536-89BD-479C-9C0C-8D8B3AE92508}
	EndGlobalSection
EndGlobal
